
Microsoft Visual Studio Solution File, Format Version 12.00
# Visual Studio Version 16
VisualStudioVersion = 16.0.30523.141
MinimumVisualStudioVersion = 10.0.40219.1
Project("{FAE04EC0-301F-11D3-BF4B-00C04F79EFBC}") = "eTickets", "eTickets\eTickets.csproj", "{797AF967-2CA8-42BC-A2AF-A2F0F77A0FAC}"
EndProject
Global
	GlobalSection(SolutionConfigurationPlatforms) = preSolution
		Debug|Any CPU = Debug|Any CPU
		Release|Any CPU = Release|Any CPU
	EndGlobalSection
	GlobalSection(ProjectConfigurationPlatforms) = postSolution
		{797AF967-2CA8-42BC-A2AF-A2F0F77A0FAC}.Debug|Any CPU.ActiveCfg = Debug|Any CPU
		{797AF967-2CA8-42BC-A2AF-A2F0F77A0FAC}.Debug|Any CPU.Build.0 = Debug|Any CPU
		{797AF967-2CA8-42BC-A2AF-A2F0F77A0FAC}.Release|Any CPU.ActiveCfg = Release|Any CPU
		{797AF967-2CA8-42BC-A2AF-A2F0F77A0FAC}.Release|Any CPU.Build.0 = Release|Any CPU
	EndGlobalSection
	GlobalSection(SolutionProperties) = preSolution
		HideSolutionNode = FALSE
	EndGlobalSection
	GlobalSection(ExtensibilityGlobals) = postSolution
		SolutionGuid = {0E9FE452-9084-4FE4-910E-7C6B84614DF2}
	EndGlobalSection
EndGlobal
